// !$*UTF8*$!
{
	archiveVersion = 1;
	classes = {
	};
	objectVersion = 56;
	objects = {

/* Begin PBXBuildFile section */
		18A05CA92A0FA0A000180229 /* AppDelegate.m in Sources */ = {isa = PBXBuildFile; fileRef = 18A05CA82A0FA0A000180229 /* AppDelegate.m */; };
		18A05CAC2A0FA0A000180229 /* SceneDelegate.m in Sources */ = {isa = PBXBuildFile; fileRef = 18A05CAB2A0FA0A000180229 /* SceneDelegate.m */; };
		18A05CAF2A0FA0A000180229 /* ViewController.m in Sources */ = {isa = PBXBuildFile; fileRef = 18A05CAE2A0FA0A000180229 /* ViewController.m */; };
		18A05CB22A0FA0A000180229 /* Main.storyboard in Resources */ = {isa = PBXBuildFile; fileRef = 18A05CB02A0FA0A000180229 /* Main.storyboard */; };
		18A05CB42A0FA0A400180229 /* Assets.xcassets in Resources */ = {isa = PBXBuildFile; fileRef = 18A05CB32A0FA0A400180229 /* Assets.xcassets */; };
		18A05CB72A0FA0A400180229 /* LaunchScreen.storyboard in Resources */ = {isa = PBXBuildFile; fileRef = 18A05CB52A0FA0A400180229 /* LaunchScreen.storyboard */; };
		18A05CBA2A0FA0A400180229 /* main.m in Sources */ = {isa = PBXBuildFile; fileRef = 18A05CB92A0FA0A400180229 /* main.m */; };
		18B7440F2A0FEAE500CC281E /* Podfile in Resources */ = {isa = PBXBuildFile; fileRef = 18B7440E2A0FEAE500CC281E /* Podfile */; };
/* End PBXBuildFile section */

/* Begin PBXFileReference section */
		18A05CA42A0FA0A000180229 /* ColorBlindnessT.app */ = {isa = PBXFileReference; explicitFileType = wrapper.application; includeInIndex = 0; path = ColorBlindnessT.app; sourceTree = BUILT_PRODUCTS_DIR; };
		18A05CA72A0FA0A000180229 /* AppDelegate.h */ = {isa = PBXFileReference; lastKnownFileType = sourcecode.c.h; path = AppDelegate.h; sourceTree = "<group>"; };
		18A05CA82A0FA0A000180229 /* AppDelegate.m */ = {isa = PBXFileReference; lastKnownFileType = sourcecode.c.objc; path = AppDelegate.m; sourceTree = "<group>"; };
		18A05CAA2A0FA0A000180229 /* SceneDelegate.h */ = {isa = PBXFileReference; lastKnownFileType = sourcecode.c.h; path = SceneDelegate.h; sourceTree = "<group>"; };
		18A05CAB2A0FA0A000180229 /* SceneDelegate.m */ = {isa = PBXFileReference; lastKnownFileType = sourcecode.c.objc; path = SceneDelegate.m; sourceTree = "<group>"; };
		18A05CAD2A0FA0A000180229 /* ViewController.h */ = {isa = PBXFileReference; lastKnownFileType = sourcecode.c.h; path = ViewController.h; sourceTree = "<group>"; };
		18A05CAE2A0FA0A000180229 /* ViewController.m */ = {isa = PBXFileReference; lastKnownFileType = sourcecode.c.objc; path = ViewController.m; sourceTree = "<group>"; };
		18A05CB12A0FA0A000180229 /* Base */ = {isa = PBXFileReference; lastKnownFileType = file.storyboard; name = Base; path = Base.lproj/Main.storyboard; sourceTree = "<group>"; };
		18A05CB32A0FA0A400180229 /* Assets.xcassets */ = {isa = PBXFileReference; lastKnownFileType = folder.assetcatalog; path = Assets.xcassets; sourceTree = "<group>"; };
		18A05CB62A0FA0A400180229 /* Base */ = {isa = PBXFileReference; lastKnownFileType = file.storyboard; name = Base; path = Base.lproj/LaunchScreen.storyboard; sourceTree = "<group>"; };
		18A05CB82A0FA0A400180229 /* Info.plist */ = {isa = PBXFileReference; lastKnownFileType = text.plist.xml; path = Info.plist; sourceTree = "<group>"; };
		18A05CB92A0FA0A400180229 /* main.m */ = {isa = PBXFileReference; lastKnownFileType = sourcecode.c.objc; path = main.m; sourceTree = "<group>"; };
		18B7440E2A0FEAE500CC281E /* Podfile */ = {isa = PBXFileReference; fileEncoding = 4; lastKnownFileType = text; path = Podfile; sourceTree = "<group>"; };
/* End PBXFileReference section */

/* Begin PBXFrameworksBuildPhase section */
		18A05CA12A0FA0A000180229 /* Frameworks */ = {
			isa = PBXFrameworksBuildPhase;
			buildActionMask = 2147483647;
			files = (
			);
			runOnlyForDeploymentPostprocessing = 0;
		};
/* End PBXFrameworksBuildPhase section */

/* Begin PBXGroup section */
		18A05C9B2A0FA0A000180229 = {
			isa = PBXGroup;
			children = (
				18B7440E2A0FEAE500CC281E /* Podfile */,
				18A05CA62A0FA0A000180229 /* ColorBlindnessT */,
				18A05CA52A0FA0A000180229 /* Products */,
			);
			sourceTree = "<group>";
		};
		18A05CA52A0FA0A000180229 /* Products */ = {
			isa = PBXGroup;
			children = (
				18A05CA42A0FA0A000180229 /* ColorBlindnessT.app */,
			);
			name = Products;
			sourceTree = "<group>";
		};
		18A05CA62A0FA0A000180229 /* ColorBlindnessT */ = {
			isa = PBXGroup;
			children = (
				18A05CA72A0FA0A000180229 /* AppDelegate.h */,
				18A05CA82A0FA0A000180229 /* AppDelegate.m */,
				18A05CAA2A0FA0A000180229 /* SceneDelegate.h */,
				18A05CAB2A0FA0A000180229 /* SceneDelegate.m */,
				18A05CAD2A0FA0A000180229 /* ViewController.h */,
				18A05CAE2A0FA0A000180229 /* ViewController.m */,
				18A05CB02A0FA0A000180229 /* Main.storyboard */,
				18A05CB32A0FA0A400180229 /* Assets.xcassets */,
				18A05CB52A0FA0A400180229 /* LaunchScreen.storyboard */,
				18A05CB82A0FA0A400180229 /* Info.plist */,
				18A05CB92A0FA0A400180229 /* main.m */,
			);
			path = ColorBlindnessT;
			sourceTree = "<group>";
		};
/* End PBXGroup section */

/* Begin PBXNativeTarget section */
		18A05CA32A0FA0A000180229 /* ColorBlindnessT */ = {
			isa = PBXNativeTarget;
			buildConfigurationList = 18A05CBD2A0FA0A400180229 /* Build configuration list for PBXNativeTarget "ColorBlindnessT" */;
			buildPhases = (
				18A05CA02A0FA0A000180229 /* Sources */,
				18A05CA12A0FA0A000180229 /* Frameworks */,
				18A05CA22A0FA0A000180229 /* Resources */,
			);
			buildRules = (
			);
			dependencies = (
			);
			name = ColorBlindnessT;
			productName = ColorBlindnessT;
			productReference = 18A05CA42A0FA0A000180229 /* ColorBlindnessT.app */;
			productType = "com.apple.product-type.application";
		};
/* End PBXNativeTarget section */

/* Begin PBXProject section */
		18A05C9C2A0FA0A000180229 /* Project object */ = {
			isa = PBXProject;
			attributes = {
				BuildIndependentTargetsInParallel = 1;
				LastUpgradeCheck = 1430;
				TargetAttributes = {
					18A05CA32A0FA0A000180229 = {
						CreatedOnToolsVersion = 14.3;
					};
				};
			};
			buildConfigurationList = 18A05C9F2A0FA0A000180229 /* Build configuration list for PBXProject "ColorBlindnessT" */;
			compatibilityVersion = "Xcode 14.0";
			developmentRegion = en;
			hasScannedForEncodings = 0;
			knownRegions = (
				en,
				Base,
			);
			mainGroup = 18A05C9B2A0FA0A000180229;
			productRefGroup = 18A05CA52A0FA0A000180229 /* Products */;
			projectDirPath = "";
			projectRoot = "";
			targets = (
				18A05CA32A0FA0A000180229 /* ColorBlindnessT */,
			);
		};
/* End PBXProject section */

/* Begin PBXResourcesBuildPhase section */
		18A05CA22A0FA0A000180229 /* Resources */ = {
			isa = PBXResourcesBuildPhase;
			buildActionMask = 2147483647;
			files = (
				18A05CB72A0FA0A400180229 /* LaunchScreen.storyboard in Resources */,
				18A05CB42A0FA0A400180229 /* Assets.xcassets in Resources */,
				18B7440F2A0FEAE500CC281E /* Podfile in Resources */,
				18A05CB22A0FA0A000180229 /* Main.storyboard in Resources */,
			);
			runOnlyForDeploymentPostprocessing = 0;
		};
/* End PBXResourcesBuildPhase section */

/* Begin PBXSourcesBuildPhase section */
		18A05CA02A0FA0A000180229 /* Sources */ = {
			isa = PBXSourcesBuildPhase;
			buildActionMask = 2147483647;
			files = (
				18A05CAF2A0FA0A000180229 /* ViewController.m in Sources */,
				18A05CA92A0FA0A000180229 /* AppDelegate.m in Sources */,
				18A05CBA2A0FA0A400180229 /* main.m in Sources */,
				18A05CAC2A0FA0A000180229 /* SceneDelegate.m in Sources */,
			);
			runOnlyForDeploymentPostprocessing = 0;
		};
/* End PBXSourcesBuildPhase section */

/* Begin PBXVariantGroup section */
		18A05CB02A0FA0A000180229 /* Main.storyboard */ = {
			isa = PBXVariantGroup;
			children = (
				18A05CB12A0FA0A000180229 /* Base */,
			);
			name = Main.storyboard;
			sourceTree = "<group>";
		};
		18A05CB52A0FA0A400180229 /* LaunchScreen.storyboard */ = {
			isa = PBXVariantGroup;
			children = (
				18A05CB62A0FA0A400180229 /* Base */,
			);
			name = LaunchScreen.storyboard;
			sourceTree = "<group>";
		};
/* End PBXVariantGroup section */

/* Begin XCBuildConfiguration section */
		18A05CBB2A0FA0A400180229 /* Debug */ = {
			isa = XCBuildConfiguration;
			buildSettings = {
				ALWAYS_SEARCH_USER_PATHS = NO;
				CLANG_ANALYZER_NONNULL = YES;
				CLANG_ANALYZER_NUMBER_OBJECT_CONVERSION = YES_AGGRESSIVE;
				CLANG_CXX_LANGUAGE_STANDARD = "gnu++20";
				CLANG_ENABLE_MODULES = YES;
				CLANG_ENABLE_OBJC_ARC = YES;
				CLANG_ENABLE_OBJC_WEAK = YES;
				CLANG_WARN_BLOCK_CAPTURE_AUTORELEASING = YES;
				CLANG_WARN_BOOL_CONVERSION = YES;
				CLANG_WARN_COMMA = YES;
				CLANG_WARN_CONSTANT_CONVERSION = YES;
				CLANG_WARN_DEPRECATED_OBJC_IMPLEMENTATIONS = YES;
				CLANG_WARN_DIRECT_OBJC_ISA_USAGE = YES_ERROR;
				CLANG_WARN_DOCUMENTATION_COMMENTS = YES;
				CLANG_WARN_EMPTY_BODY = YES;
				CLANG_WARN_ENUM_CONVERSION = YES;
				CLANG_WARN_INFINITE_RECURSION = YES;
				CLANG_WARN_INT_CONVERSION = YES;
				CLANG_WARN_NON_LITERAL_NULL_CONVERSION = YES;
				CLANG_WARN_OBJC_IMPLICIT_RETAIN_SELF = YES;
				CLANG_WARN_OBJC_LITERAL_CONVERSION = YES;
				CLANG_WARN_OBJC_ROOT_CLASS = YES_ERROR;
				CLANG_WARN_QUOTED_INCLUDE_IN_FRAMEWORK_HEADER = YES;
				CLANG_WARN_RANGE_LOOP_ANALYSIS = YES;
				CLANG_WARN_STRICT_PROTOTYPES = YES;
				CLANG_WARN_SUSPICIOUS_MOVE = YES;
				CLANG_WARN_UNGUARDED_AVAILABILITY = YES_AGGRESSIVE;
				CLANG_WARN_UNREACHABLE_CODE = YES;
				CLANG_WARN__DUPLICATE_METHOD_MATCH = YES;
				COPY_PHASE_STRIP = NO;
				DEBUG_INFORMATION_FORMAT = dwarf;
				ENABLE_STRICT_OBJC_MSGSEND = YES;
				ENABLE_TESTABILITY = YES;
				GCC_C_LANGUAGE_STANDARD = gnu11;
				GCC_DYNAMIC_NO_PIC = NO;
				GCC_NO_COMMON_BLOCKS = YES;
				GCC_OPTIMIZATION_LEVEL = 0;
				GCC_PREPROCESSOR_DEFINITIONS = (
					"DEBUG=1",
					"$(inherited)",
				);
				GCC_WARN_64_TO_32_BIT_CONVERSION = YES;
				GCC_WARN_ABOUT_RETURN_TYPE = YES_ERROR;
				GCC_WARN_UNDECLARED_SELECTOR = YES;
				GCC_WARN_UNINITIALIZED_AUTOS = YES_AGGRESSIVE;
				GCC_WARN_UNUSED_FUNCTION = YES;
				GCC_WARN_UNUSED_VARIABLE = YES;
				IPHONEOS_DEPLOYMENT_TARGET = 16.4;
				MTL_ENABLE_DEBUG_INFO = INCLUDE_SOURCE;
				MTL_FAST_MATH = YES;
				ONLY_ACTIVE_ARCH = YES;
				SDKROOT = iphoneos;
			};
			name = Debug;
		};
		18A05CBC2A0FA0A400180229 /* Release */ = {
			isa = XCBuildConfiguration;
			buildSettings = {
				ALWAYS_SEARCH_USER_PATHS = NO;
				CLANG_ANALYZER_NONNULL = YES;
				CLANG_ANALYZER_NUMBER_OBJECT_CONVERSION = YES_AGGRESSIVE;
				CLANG_CXX_LANGUAGE_STANDARD = "gnu++20";
				CLANG_ENABLE_MODULES = YES;
				CLANG_ENABLE_OBJC_ARC = YES;
				CLANG_ENABLE_OBJC_WEAK = YES;
				CLANG_WARN_BLOCK_CAPTURE_AUTORELEASING = YES;
				CLANG_WARN_BOOL_CONVERSION = YES;
				CLANG_WARN_COMMA = YES;
				CLANG_WARN_CONSTANT_CONVERSION = YES;
				CLANG_WARN_DEPRECATED_OBJC_IMPLEMENTATIONS = YES;
				CLANG_WARN_DIRECT_OBJC_ISA_USAGE = YES_ERROR;
				CLANG_WARN_DOCUMENTATION_COMMENTS = YES;
				CLANG_WARN_EMPTY_BODY = YES;
				CLANG_WARN_ENUM_CONVERSION = YES;
				CLANG_WARN_INFINITE_RECURSION = YES;
				CLANG_WARN_INT_CONVERSION = YES;
				CLANG_WARN_NON_LITERAL_NULL_CONVERSION = YES;
				CLANG_WARN_OBJC_IMPLICIT_RETAIN_SELF = YES;
				CLANG_WARN_OBJC_LITERAL_CONVERSION = YES;
				CLANG_WARN_OBJC_ROOT_CLASS = YES_ERROR;
				CLANG_WARN_QUOTED_INCLUDE_IN_FRAMEWORK_HEADER = YES;
				CLANG_WARN_RANGE_LOOP_ANALYSIS = YES;
				CLANG_WARN_STRICT_PROTOTYPES = YES;
				CLANG_WARN_SUSPICIOUS_MOVE = YES;
				CLANG_WARN_UNGUARDED_AVAILABILITY = YES_AGGRESSIVE;
				CLANG_WARN_UNREACHABLE_CODE = YES;
				CLANG_WARN__DUPLICATE_METHOD_MATCH = YES;
				COPY_PHASE_STRIP = NO;
				DEBUG_INFORMATION_FORMAT = "dwarf-with-dsym";
				ENABLE_NS_ASSERTIONS = NO;
				ENABLE_STRICT_OBJC_MSGSEND = YES;
				GCC_C_LANGUAGE_STANDARD = gnu11;
				GCC_NO_COMMON_BLOCKS = YES;
				GCC_WARN_64_TO_32_BIT_CONVERSION = YES;
				GCC_WARN_ABOUT_RETURN_TYPE = YES_ERROR;
				GCC_WARN_UNDECLARED_SELECTOR = YES;
				GCC_WARN_UNINITIALIZED_AUTOS = YES_AGGRESSIVE;
				GCC_WARN_UNUSED_FUNCTION = YES;
				GCC_WARN_UNUSED_VARIABLE = YES;
				IPHONEOS_DEPLOYMENT_TARGET = 16.4;
				MTL_ENABLE_DEBUG_INFO = NO;
				MTL_FAST_MATH = YES;
				SDKROOT = iphoneos;
				VALIDATE_PRODUCT = YES;
			};
			name = Release;
		};
		18A05CBE2A0FA0A400180229 /* Debug */ = {
			isa = XCBuildConfiguration;
			buildSettings = {
				ASSETCATALOG_COMPILER_APPICON_NAME = AppIcon;
				ASSETCATALOG_COMPILER_GLOBAL_ACCENT_COLOR_NAME = AccentColor;
				CODE_SIGN_STYLE = Automatic;
				CURRENT_PROJECT_VERSION = 1;
				DEVELOPMENT_TEAM = 53Z9P7P8HC;
				GENERATE_INFOPLIST_FILE = YES;
				INFOPLIST_FILE = ColorBlindnessT/Info.plist;
				INFOPLIST_KEY_UIApplicationSupportsIndirectInputEvents = YES;
				INFOPLIST_KEY_UILaunchStoryboardName = LaunchScreen;
				INFOPLIST_KEY_UIMainStoryboardFile = Main;
				INFOPLIST_KEY_UISupportedInterfaceOrientations = UIInterfaceOrientationPortrait;
				INFOPLIST_KEY_UISupportedInterfaceOrientations_iPad = "UIInterfaceOrientationLandscapeLeft UIInterfaceOrientationLandscapeRight UIInterfaceOrientationPortrait UIInterfaceOrientationPortraitUpsideDown";
				IPHONEOS_DEPLOYMENT_TARGET = 13.0;
				LD_RUNPATH_SEARCH_PATHS = (
					"$(inherited)",
					"@executable_path/Frameworks",
				);
				MARKETING_VERSION = 1.0;
				PRODUCT_BUNDLE_IDENTIFIER = erero.ColorBlindnessT;
				PRODUCT_NAME = "$(TARGET_NAME)";
				SUPPORTED_PLATFORMS = "iphoneos iphonesimulator";
				SUPPORTS_MACCATALYST = NO;
				SUPPORTS_MAC_DESIGNED_FOR_IPHONE_IPAD = YES;
				SWIFT_EMIT_LOC_STRINGS = YES;
				TARGETED_DEVICE_FAMILY = 1;
			};
			name = Debug;
		};
		18A05CBF2A0FA0A400180229 /* Release */ = {
			isa = XCBuildConfiguration;
			buildSettings = {
				ASSETCATALOG_COMPILER_APPICON_NAME = AppIcon;
				ASSETCATALOG_COMPILER_GLOBAL_ACCENT_COLOR_NAME = AccentColor;
				CODE_SIGN_STYLE = Automatic;
				CURRENT_PROJECT_VERSION = 1;
				DEVELOPMENT_TEAM = 53Z9P7P8HC;
				GENERATE_INFOPLIST_FILE = YES;
				INFOPLIST_FILE = ColorBlindnessT/Info.plist;
				INFOPLIST_KEY_UIApplicationSupportsIndirectInputEvents = YES;
				INFOPLIST_KEY_UILaunchStoryboardName = LaunchScreen;
				INFOPLIST_KEY_UIMainStoryboardFile = Main;
				INFOPLIST_KEY_UISupportedInterfaceOrientations = UIInterfaceOrientationPortrait;
				INFOPLIST_KEY_UISupportedInterfaceOrientations_iPad = "UIInterfaceOrientationLandscapeLeft UIInterfaceOrientationLandscapeRight UIInterfaceOrientationPortrait UIInterfaceOrientationPortraitUpsideDown";
				IPHONEOS_DEPLOYMENT_TARGET = 13.0;
				LD_RUNPATH_SEARCH_PATHS = (
					"$(inherited)",
					"@executable_path/Frameworks",
				);
				MARKETING_VERSION = 1.0;
				PRODUCT_BUNDLE_IDENTIFIER = erero.ColorBlindnessT;
				PRODUCT_NAME = "$(TARGET_NAME)";
				SUPPORTED_PLATFORMS = "iphoneos iphonesimulator";
				SUPPORTS_MACCATALYST = NO;
				SUPPORTS_MAC_DESIGNED_FOR_IPHONE_IPAD = YES;
				SWIFT_EMIT_LOC_STRINGS = YES;
				TARGETED_DEVICE_FAMILY = 1;
			};
			name = Release;
		};
/* End XCBuildConfiguration section */

/* Begin XCConfigurationList section */
		18A05C9F2A0FA0A000180229 /* Build configuration list for PBXProject "ColorBlindnessT" */ = {
			isa = XCConfigurationList;
			buildConfigurations = (
				18A05CBB2A0FA0A400180229 /* Debug */,
				18A05CBC2A0FA0A400180229 /* Release */,
			);
			defaultConfigurationIsVisible = 0;
			defaultConfigurationName = Release;
		};
		18A05CBD2A0FA0A400180229 /* Build configuration list for PBXNativeTarget "ColorBlindnessT" */ = {
			isa = XCConfigurationList;
			buildConfigurations = (
				18A05CBE2A0FA0A400180229 /* Debug */,
				18A05CBF2A0FA0A400180229 /* Release */,
			);
			defaultConfigurationIsVisible = 0;
			defaultConfigurationName = Release;
		};
/* End XCConfigurationList section */
	};
	rootObject = 18A05C9C2A0FA0A000180229 /* Project object */;
}
